// !$*UTF8*$!
{
	archiveVersion = 1;
	classes = {
	};
	objectVersion = 48;
	objects = {

/* Begin PBXBuildFile section */
		21448D36D8335AFCA15ACEF7 /* Pods_KlikinTest.framework in Frameworks */ = {isa = PBXBuildFile; fileRef = 7B1C65F75BBAA8208826D60C /* Pods_KlikinTest.framework */; };
		AD1080381F7B7A5B00F157B4 /* CommercesTableViewController.swift in Sources */ = {isa = PBXBuildFile; fileRef = AD1080371F7B7A5B00F157B4 /* CommercesTableViewController.swift */; };
		AD10803C1F7B848700F157B4 /* CommerceTableViewCell.swift in Sources */ = {isa = PBXBuildFile; fileRef = AD10803A1F7B848700F157B4 /* CommerceTableViewCell.swift */; };
		AD10803D1F7B848700F157B4 /* CommerceTableViewCell.xib in Resources */ = {isa = PBXBuildFile; fileRef = AD10803B1F7B848700F157B4 /* CommerceTableViewCell.xib */; };
		AD1080421F7B886300F157B4 /* CommerceDetailViewController.swift in Sources */ = {isa = PBXBuildFile; fileRef = AD1080401F7B886300F157B4 /* CommerceDetailViewController.swift */; };
		AD1080431F7B886300F157B4 /* CommerceDetailViewController.xib in Resources */ = {isa = PBXBuildFile; fileRef = AD1080411F7B886300F157B4 /* CommerceDetailViewController.xib */; };
		AD1080451F7B88F600F157B4 /* Podfile in Resources */ = {isa = PBXBuildFile; fileRef = AD1080441F7B88F500F157B4 /* Podfile */; };
		AD499EFB1F7BC03D00D9FEBD /* ApiClient.swift in Sources */ = {isa = PBXBuildFile; fileRef = AD499EFA1F7BC03D00D9FEBD /* ApiClient.swift */; };
		AD499EFD1F7BC88400D9FEBD /* ApiError.swift in Sources */ = {isa = PBXBuildFile; fileRef = AD499EFC1F7BC88400D9FEBD /* ApiError.swift */; };
		AD499F001F7BCE1600D9FEBD /* CommercesResponse.swift in Sources */ = {isa = PBXBuildFile; fileRef = AD499EFF1F7BCE1600D9FEBD /* CommercesResponse.swift */; };
		AD499F021F7BCE5400D9FEBD /* CommerceResponse.swift in Sources */ = {isa = PBXBuildFile; fileRef = AD499F011F7BCE5400D9FEBD /* CommerceResponse.swift */; };
		AD499F041F7BCE8200D9FEBD /* AddressResponse.swift in Sources */ = {isa = PBXBuildFile; fileRef = AD499F031F7BCE8200D9FEBD /* AddressResponse.swift */; };
		AD499F061F7BCE9C00D9FEBD /* ContactResponse.swift in Sources */ = {isa = PBXBuildFile; fileRef = AD499F051F7BCE9C00D9FEBD /* ContactResponse.swift */; };
		AD499F0A1F7BCEDF00D9FEBD /* SocialResponse.swift in Sources */ = {isa = PBXBuildFile; fileRef = AD499F091F7BCEDF00D9FEBD /* SocialResponse.swift */; };
		AD499F0C1F7BCF0700D9FEBD /* LogoResponse.swift in Sources */ = {isa = PBXBuildFile; fileRef = AD499F0B1F7BCF0700D9FEBD /* LogoResponse.swift */; };
		AD499F121F7BD1FC00D9FEBD /* PhotoResponse.swift in Sources */ = {isa = PBXBuildFile; fileRef = AD499F111F7BD1FC00D9FEBD /* PhotoResponse.swift */; };
		D0488ECF1F7C098D0014C2CA /* ThumbnailsResponse.swift in Sources */ = {isa = PBXBuildFile; fileRef = D0488ECE1F7C098D0014C2CA /* ThumbnailsResponse.swift */; };
		D0488ED81F7C17660014C2CA /* Commerce.swift in Sources */ = {isa = PBXBuildFile; fileRef = D0488ED71F7C17660014C2CA /* Commerce.swift */; };
		D0488EDA1F7C17780014C2CA /* Address.swift in Sources */ = {isa = PBXBuildFile; fileRef = D0488ED91F7C17780014C2CA /* Address.swift */; };
		D0488EDC1F7C17990014C2CA /* Contact.swift in Sources */ = {isa = PBXBuildFile; fileRef = D0488EDB1F7C17990014C2CA /* Contact.swift */; };
		D0488EDE1F7C17AC0014C2CA /* Social.swift in Sources */ = {isa = PBXBuildFile; fileRef = D0488EDD1F7C17AC0014C2CA /* Social.swift */; };
		D0488EE01F7C17C10014C2CA /* Logo.swift in Sources */ = {isa = PBXBuildFile; fileRef = D0488EDF1F7C17C10014C2CA /* Logo.swift */; };
		D0488EE21F7C17D20014C2CA /* Photo.swift in Sources */ = {isa = PBXBuildFile; fileRef = D0488EE11F7C17D20014C2CA /* Photo.swift */; };
		D0488EE41F7C17FF0014C2CA /* Thumbnails.swift in Sources */ = {isa = PBXBuildFile; fileRef = D0488EE31F7C17FF0014C2CA /* Thumbnails.swift */; };
		D0488EE61F7C18330014C2CA /* Location.swift in Sources */ = {isa = PBXBuildFile; fileRef = D0488EE51F7C18330014C2CA /* Location.swift */; };
		D07065981F7AB1B100C39581 /* AppDelegate.swift in Sources */ = {isa = PBXBuildFile; fileRef = D07065971F7AB1B100C39581 /* AppDelegate.swift */; };
		D070659A1F7AB1B100C39581 /* Assets.xcassets in Resources */ = {isa = PBXBuildFile; fileRef = D07065991F7AB1B100C39581 /* Assets.xcassets */; };
		D070659D1F7AB1B100C39581 /* LaunchScreen.storyboard in Resources */ = {isa = PBXBuildFile; fileRef = D070659B1F7AB1B100C39581 /* LaunchScreen.storyboard */; };
		D07065A81F7AB1B100C39581 /* KlikinTestTests.swift in Sources */ = {isa = PBXBuildFile; fileRef = D07065A71F7AB1B100C39581 /* KlikinTestTests.swift */; };
		D0A0EC3F1F7C3910000C6188 /* CommercesInteractor.swift in Sources */ = {isa = PBXBuildFile; fileRef = D0A0EC3E1F7C3910000C6188 /* CommercesInteractor.swift */; };
		DF25F3227E51E130C53B5480 /* Pods_KlikinTestTests.framework in Frameworks */ = {isa = PBXBuildFile; fileRef = 20A52909C4D896439FB59AC1 /* Pods_KlikinTestTests.framework */; };
/* End PBXBuildFile section */

/* Begin PBXContainerItemProxy section */
		D07065A41F7AB1B100C39581 /* PBXContainerItemProxy */ = {
			isa = PBXContainerItemProxy;
			containerPortal = D070658C1F7AB1B100C39581 /* Project object */;
			proxyType = 1;
			remoteGlobalIDString = D07065931F7AB1B100C39581;
			remoteInfo = KlikinTest;
		};
/* End PBXContainerItemProxy section */

/* Begin PBXFileReference section */
		20A52909C4D896439FB59AC1 /* Pods_KlikinTestTests.framework */ = {isa = PBXFileReference; explicitFileType = wrapper.framework; includeInIndex = 0; path = Pods_KlikinTestTests.framework; sourceTree = BUILT_PRODUCTS_DIR; };
		58DBFC8FEAC1C1902F403543 /* Pods-KlikinTest.debug.xcconfig */ = {isa = PBXFileReference; includeInIndex = 1; lastKnownFileType = text.xcconfig; name = "Pods-KlikinTest.debug.xcconfig"; path = "Pods/Target Support Files/Pods-KlikinTest/Pods-KlikinTest.debug.xcconfig"; sourceTree = "<group>"; };
		62C31566D6164F117656840E /* Pods-KlikinTest.release.xcconfig */ = {isa = PBXFileReference; includeInIndex = 1; lastKnownFileType = text.xcconfig; name = "Pods-KlikinTest.release.xcconfig"; path = "Pods/Target Support Files/Pods-KlikinTest/Pods-KlikinTest.release.xcconfig"; sourceTree = "<group>"; };
		7B1C65F75BBAA8208826D60C /* Pods_KlikinTest.framework */ = {isa = PBXFileReference; explicitFileType = wrapper.framework; includeInIndex = 0; path = Pods_KlikinTest.framework; sourceTree = BUILT_PRODUCTS_DIR; };
		A5BF88DC4E84B090828CCDEC /* Pods-KlikinTestTests.debug.xcconfig */ = {isa = PBXFileReference; includeInIndex = 1; lastKnownFileType = text.xcconfig; name = "Pods-KlikinTestTests.debug.xcconfig"; path = "Pods/Target Support Files/Pods-KlikinTestTests/Pods-KlikinTestTests.debug.xcconfig"; sourceTree = "<group>"; };
		AD1080371F7B7A5B00F157B4 /* CommercesTableViewController.swift */ = {isa = PBXFileReference; lastKnownFileType = sourcecode.swift; path = CommercesTableViewController.swift; sourceTree = "<group>"; };
		AD10803A1F7B848700F157B4 /* CommerceTableViewCell.swift */ = {isa = PBXFileReference; lastKnownFileType = sourcecode.swift; path = CommerceTableViewCell.swift; sourceTree = "<group>"; };
		AD10803B1F7B848700F157B4 /* CommerceTableViewCell.xib */ = {isa = PBXFileReference; lastKnownFileType = file.xib; path = CommerceTableViewCell.xib; sourceTree = "<group>"; };
		AD1080401F7B886300F157B4 /* CommerceDetailViewController.swift */ = {isa = PBXFileReference; lastKnownFileType = sourcecode.swift; path = CommerceDetailViewController.swift; sourceTree = "<group>"; };
		AD1080411F7B886300F157B4 /* CommerceDetailViewController.xib */ = {isa = PBXFileReference; lastKnownFileType = file.xib; path = CommerceDetailViewController.xib; sourceTree = "<group>"; };
		AD1080441F7B88F500F157B4 /* Podfile */ = {isa = PBXFileReference; fileEncoding = 4; lastKnownFileType = text; path = Podfile; sourceTree = SOURCE_ROOT; xcLanguageSpecificationIdentifier = xcode.lang.ruby; };
		AD499EFA1F7BC03D00D9FEBD /* ApiClient.swift */ = {isa = PBXFileReference; lastKnownFileType = sourcecode.swift; path = ApiClient.swift; sourceTree = "<group>"; };
		AD499EFC1F7BC88400D9FEBD /* ApiError.swift */ = {isa = PBXFileReference; lastKnownFileType = sourcecode.swift; path = ApiError.swift; sourceTree = "<group>"; };
		AD499EFF1F7BCE1600D9FEBD /* CommercesResponse.swift */ = {isa = PBXFileReference; lastKnownFileType = sourcecode.swift; path = CommercesResponse.swift; sourceTree = "<group>"; };
		AD499F011F7BCE5400D9FEBD /* CommerceResponse.swift */ = {isa = PBXFileReference; lastKnownFileType = sourcecode.swift; path = CommerceResponse.swift; sourceTree = "<group>"; };
		AD499F031F7BCE8200D9FEBD /* AddressResponse.swift */ = {isa = PBXFileReference; lastKnownFileType = sourcecode.swift; path = AddressResponse.swift; sourceTree = "<group>"; };
		AD499F051F7BCE9C00D9FEBD /* ContactResponse.swift */ = {isa = PBXFileReference; lastKnownFileType = sourcecode.swift; path = ContactResponse.swift; sourceTree = "<group>"; };
		AD499F091F7BCEDF00D9FEBD /* SocialResponse.swift */ = {isa = PBXFileReference; lastKnownFileType = sourcecode.swift; path = SocialResponse.swift; sourceTree = "<group>"; };
		AD499F0B1F7BCF0700D9FEBD /* LogoResponse.swift */ = {isa = PBXFileReference; lastKnownFileType = sourcecode.swift; path = LogoResponse.swift; sourceTree = "<group>"; };
		AD499F111F7BD1FC00D9FEBD /* PhotoResponse.swift */ = {isa = PBXFileReference; lastKnownFileType = sourcecode.swift; path = PhotoResponse.swift; sourceTree = "<group>"; };
		D0488ECE1F7C098D0014C2CA /* ThumbnailsResponse.swift */ = {isa = PBXFileReference; lastKnownFileType = sourcecode.swift; path = ThumbnailsResponse.swift; sourceTree = "<group>"; };
		D0488ED71F7C17660014C2CA /* Commerce.swift */ = {isa = PBXFileReference; lastKnownFileType = sourcecode.swift; path = Commerce.swift; sourceTree = "<group>"; };
		D0488ED91F7C17780014C2CA /* Address.swift */ = {isa = PBXFileReference; lastKnownFileType = sourcecode.swift; path = Address.swift; sourceTree = "<group>"; };
		D0488EDB1F7C17990014C2CA /* Contact.swift */ = {isa = PBXFileReference; lastKnownFileType = sourcecode.swift; path = Contact.swift; sourceTree = "<group>"; };
		D0488EDD1F7C17AC0014C2CA /* Social.swift */ = {isa = PBXFileReference; lastKnownFileType = sourcecode.swift; path = Social.swift; sourceTree = "<group>"; };
		D0488EDF1F7C17C10014C2CA /* Logo.swift */ = {isa = PBXFileReference; lastKnownFileType = sourcecode.swift; path = Logo.swift; sourceTree = "<group>"; };
		D0488EE11F7C17D20014C2CA /* Photo.swift */ = {isa = PBXFileReference; lastKnownFileType = sourcecode.swift; path = Photo.swift; sourceTree = "<group>"; };
		D0488EE31F7C17FF0014C2CA /* Thumbnails.swift */ = {isa = PBXFileReference; lastKnownFileType = sourcecode.swift; path = Thumbnails.swift; sourceTree = "<group>"; };
		D0488EE51F7C18330014C2CA /* Location.swift */ = {isa = PBXFileReference; lastKnownFileType = sourcecode.swift; path = Location.swift; sourceTree = "<group>"; };
		D07065941F7AB1B100C39581 /* KlikinTest.app */ = {isa = PBXFileReference; explicitFileType = wrapper.application; includeInIndex = 0; path = KlikinTest.app; sourceTree = BUILT_PRODUCTS_DIR; };
		D07065971F7AB1B100C39581 /* AppDelegate.swift */ = {isa = PBXFileReference; lastKnownFileType = sourcecode.swift; path = AppDelegate.swift; sourceTree = "<group>"; };
		D07065991F7AB1B100C39581 /* Assets.xcassets */ = {isa = PBXFileReference; lastKnownFileType = folder.assetcatalog; path = Assets.xcassets; sourceTree = "<group>"; };
		D070659C1F7AB1B100C39581 /* Base */ = {isa = PBXFileReference; lastKnownFileType = file.storyboard; name = Base; path = Base.lproj/LaunchScreen.storyboard; sourceTree = "<group>"; };
		D070659E1F7AB1B100C39581 /* Info.plist */ = {isa = PBXFileReference; lastKnownFileType = text.plist.xml; path = Info.plist; sourceTree = "<group>"; };
		D07065A31F7AB1B100C39581 /* KlikinTestTests.xctest */ = {isa = PBXFileReference; explicitFileType = wrapper.cfbundle; includeInIndex = 0; path = KlikinTestTests.xctest; sourceTree = BUILT_PRODUCTS_DIR; };
		D07065A71F7AB1B100C39581 /* KlikinTestTests.swift */ = {isa = PBXFileReference; lastKnownFileType = sourcecode.swift; path = KlikinTestTests.swift; sourceTree = "<group>"; };
		D07065A91F7AB1B100C39581 /* Info.plist */ = {isa = PBXFileReference; lastKnownFileType = text.plist.xml; path = Info.plist; sourceTree = "<group>"; };
		D0A0EC3E1F7C3910000C6188 /* CommercesInteractor.swift */ = {isa = PBXFileReference; lastKnownFileType = sourcecode.swift; path = CommercesInteractor.swift; sourceTree = "<group>"; };
		D6A644BF68EF0A5F24F99CCD /* Pods-KlikinTestTests.release.xcconfig */ = {isa = PBXFileReference; includeInIndex = 1; lastKnownFileType = text.xcconfig; name = "Pods-KlikinTestTests.release.xcconfig"; path = "Pods/Target Support Files/Pods-KlikinTestTests/Pods-KlikinTestTests.release.xcconfig"; sourceTree = "<group>"; };
/* End PBXFileReference section */

/* Begin PBXFrameworksBuildPhase section */
		D07065911F7AB1B100C39581 /* Frameworks */ = {
			isa = PBXFrameworksBuildPhase;
			buildActionMask = 2147483647;
			files = (
				21448D36D8335AFCA15ACEF7 /* Pods_KlikinTest.framework in Frameworks */,
			);
			runOnlyForDeploymentPostprocessing = 0;
		};
		D07065A01F7AB1B100C39581 /* Frameworks */ = {
			isa = PBXFrameworksBuildPhase;
			buildActionMask = 2147483647;
			files = (
				DF25F3227E51E130C53B5480 /* Pods_KlikinTestTests.framework in Frameworks */,
			);
			runOnlyForDeploymentPostprocessing = 0;
		};
/* End PBXFrameworksBuildPhase section */

/* Begin PBXGroup section */
		AD1080361F7B7A2700F157B4 /* Controllers */ = {
			isa = PBXGroup;
			children = (
				AD1080371F7B7A5B00F157B4 /* CommercesTableViewController.swift */,
				AD1080401F7B886300F157B4 /* CommerceDetailViewController.swift */,
				AD1080411F7B886300F157B4 /* CommerceDetailViewController.xib */,
			);
			path = Controllers;
			sourceTree = "<group>";
		};
		AD1080391F7B846700F157B4 /* Views */ = {
			isa = PBXGroup;
			children = (
				AD10803A1F7B848700F157B4 /* CommerceTableViewCell.swift */,
				AD10803B1F7B848700F157B4 /* CommerceTableViewCell.xib */,
			);
			path = Views;
			sourceTree = "<group>";
		};
		AD10803E1F7B873D00F157B4 /* API */ = {
			isa = PBXGroup;
			children = (
				AD499EFA1F7BC03D00D9FEBD /* ApiClient.swift */,
				AD499EFC1F7BC88400D9FEBD /* ApiError.swift */,
				AD499EFE1F7BCDF000D9FEBD /* Responses */,
			);
			path = API;
			sourceTree = "<group>";
		};
		AD499EFE1F7BCDF000D9FEBD /* Responses */ = {
			isa = PBXGroup;
			children = (
				AD499EFF1F7BCE1600D9FEBD /* CommercesResponse.swift */,
				AD499F0F1F7BCF2E00D9FEBD /* Commerce */,
			);
			path = Responses;
			sourceTree = "<group>";
		};
		AD499F0F1F7BCF2E00D9FEBD /* Commerce */ = {
			isa = PBXGroup;
			children = (
				AD499F011F7BCE5400D9FEBD /* CommerceResponse.swift */,
				AD499F031F7BCE8200D9FEBD /* AddressResponse.swift */,
				AD499F051F7BCE9C00D9FEBD /* ContactResponse.swift */,
				AD499F091F7BCEDF00D9FEBD /* SocialResponse.swift */,
				AD499F0B1F7BCF0700D9FEBD /* LogoResponse.swift */,
				D0488ECD1F7C08FB0014C2CA /* Thumbnails */,
				AD499F101F7BD1B800D9FEBD /* Photo */,
			);
			path = Commerce;
			sourceTree = "<group>";
		};
		AD499F101F7BD1B800D9FEBD /* Photo */ = {
			isa = PBXGroup;
			children = (
				AD499F111F7BD1FC00D9FEBD /* PhotoResponse.swift */,
			);
			path = Photo;
			sourceTree = "<group>";
		};
		C7F8BFFEED8C451412682045 /* Pods */ = {
			isa = PBXGroup;
			children = (
				58DBFC8FEAC1C1902F403543 /* Pods-KlikinTest.debug.xcconfig */,
				62C31566D6164F117656840E /* Pods-KlikinTest.release.xcconfig */,
				A5BF88DC4E84B090828CCDEC /* Pods-KlikinTestTests.debug.xcconfig */,
				D6A644BF68EF0A5F24F99CCD /* Pods-KlikinTestTests.release.xcconfig */,
			);
			name = Pods;
			sourceTree = "<group>";
		};
		D0488ECD1F7C08FB0014C2CA /* Thumbnails */ = {
			isa = PBXGroup;
			children = (
				D0488ECE1F7C098D0014C2CA /* ThumbnailsResponse.swift */,
			);
			path = Thumbnails;
			sourceTree = "<group>";
		};
		D0488ED21F7C16AC0014C2CA /* Models */ = {
			isa = PBXGroup;
			children = (
				D0488ED71F7C17660014C2CA /* Commerce.swift */,
				D0488ED91F7C17780014C2CA /* Address.swift */,
				D0488EDB1F7C17990014C2CA /* Contact.swift */,
				D0488EDD1F7C17AC0014C2CA /* Social.swift */,
				D0488EDF1F7C17C10014C2CA /* Logo.swift */,
				D0488EE11F7C17D20014C2CA /* Photo.swift */,
				D0488EE31F7C17FF0014C2CA /* Thumbnails.swift */,
				D0488EE51F7C18330014C2CA /* Location.swift */,
			);
			path = Models;
			sourceTree = "<group>";
		};
		D070658B1F7AB1B100C39581 = {
			isa = PBXGroup;
			children = (
				AD1080441F7B88F500F157B4 /* Podfile */,
				D07065961F7AB1B100C39581 /* KlikinTest */,
				D07065A61F7AB1B100C39581 /* KlikinTestTests */,
				D07065951F7AB1B100C39581 /* Products */,
				C7F8BFFEED8C451412682045 /* Pods */,
				F9BB9097A4D35AE7F49C5F97 /* Frameworks */,
			);
			sourceTree = "<group>";
		};
		D07065951F7AB1B100C39581 /* Products */ = {
			isa = PBXGroup;
			children = (
				D07065941F7AB1B100C39581 /* KlikinTest.app */,
				D07065A31F7AB1B100C39581 /* KlikinTestTests.xctest */,
			);
			name = Products;
			sourceTree = "<group>";
		};
		D07065961F7AB1B100C39581 /* KlikinTest */ = {
			isa = PBXGroup;
			children = (
				D07065971F7AB1B100C39581 /* AppDelegate.swift */,
				D0488ED21F7C16AC0014C2CA /* Models */,
				D0A0EC3D1F7C38E9000C6188 /* Interactors */,
				AD10803E1F7B873D00F157B4 /* API */,
				AD1080361F7B7A2700F157B4 /* Controllers */,
				AD1080391F7B846700F157B4 /* Views */,
				D07065991F7AB1B100C39581 /* Assets.xcassets */,
				D070659B1F7AB1B100C39581 /* LaunchScreen.storyboard */,
				D070659E1F7AB1B100C39581 /* Info.plist */,
			);
			path = KlikinTest;
			sourceTree = "<group>";
		};
		D07065A61F7AB1B100C39581 /* KlikinTestTests */ = {
			isa = PBXGroup;
			children = (
				D07065A71F7AB1B100C39581 /* KlikinTestTests.swift */,
				D07065A91F7AB1B100C39581 /* Info.plist */,
			);
			path = KlikinTestTests;
			sourceTree = "<group>";
		};
		D0A0EC3D1F7C38E9000C6188 /* Interactors */ = {
			isa = PBXGroup;
			children = (
				D0A0EC3E1F7C3910000C6188 /* CommercesInteractor.swift */,
			);
			path = Interactors;
			sourceTree = "<group>";
		};
		F9BB9097A4D35AE7F49C5F97 /* Frameworks */ = {
			isa = PBXGroup;
			children = (
				7B1C65F75BBAA8208826D60C /* Pods_KlikinTest.framework */,
				20A52909C4D896439FB59AC1 /* Pods_KlikinTestTests.framework */,
			);
			name = Frameworks;
			sourceTree = "<group>";
		};
/* End PBXGroup section */

/* Begin PBXNativeTarget section */
		D07065931F7AB1B100C39581 /* KlikinTest */ = {
			isa = PBXNativeTarget;
			buildConfigurationList = D07065AC1F7AB1B100C39581 /* Build configuration list for PBXNativeTarget "KlikinTest" */;
			buildPhases = (
				407BE286A16D2F4044CF5406 /* [CP] Check Pods Manifest.lock */,
				D07065901F7AB1B100C39581 /* Sources */,
				D07065911F7AB1B100C39581 /* Frameworks */,
				D07065921F7AB1B100C39581 /* Resources */,
				D427D055D630E9CA4030900C /* [CP] Embed Pods Frameworks */,
				182684B2FABC40D9650744C1 /* [CP] Copy Pods Resources */,
			);
			buildRules = (
			);
			dependencies = (
			);
			name = KlikinTest;
			productName = KlikinTest;
			productReference = D07065941F7AB1B100C39581 /* KlikinTest.app */;
			productType = "com.apple.product-type.application";
		};
		D07065A21F7AB1B100C39581 /* KlikinTestTests */ = {
			isa = PBXNativeTarget;
			buildConfigurationList = D07065AF1F7AB1B100C39581 /* Build configuration list for PBXNativeTarget "KlikinTestTests" */;
			buildPhases = (
				F710CAE565A17DD952C9EE65 /* [CP] Check Pods Manifest.lock */,
				D070659F1F7AB1B100C39581 /* Sources */,
				D07065A01F7AB1B100C39581 /* Frameworks */,
				D07065A11F7AB1B100C39581 /* Resources */,
				957C6D8B602ECC1B2E18E717 /* [CP] Embed Pods Frameworks */,
				CEE189C3E647D28AA5554228 /* [CP] Copy Pods Resources */,
			);
			buildRules = (
			);
			dependencies = (
				D07065A51F7AB1B100C39581 /* PBXTargetDependency */,
			);
			name = KlikinTestTests;
			productName = KlikinTestTests;
			productReference = D07065A31F7AB1B100C39581 /* KlikinTestTests.xctest */;
			productType = "com.apple.product-type.bundle.unit-test";
		};
/* End PBXNativeTarget section */

/* Begin PBXProject section */
		D070658C1F7AB1B100C39581 /* Project object */ = {
			isa = PBXProject;
			attributes = {
				LastSwiftUpdateCheck = 0900;
				LastUpgradeCheck = 0900;
				ORGANIZATIONNAME = mibarbou;
				TargetAttributes = {
					D07065931F7AB1B100C39581 = {
						CreatedOnToolsVersion = 9.0;
						ProvisioningStyle = Automatic;
					};
					D07065A21F7AB1B100C39581 = {
						CreatedOnToolsVersion = 9.0;
						ProvisioningStyle = Automatic;
						TestTargetID = D07065931F7AB1B100C39581;
					};
				};
			};
			buildConfigurationList = D070658F1F7AB1B100C39581 /* Build configuration list for PBXProject "KlikinTest" */;
			compatibilityVersion = "Xcode 8.0";
			developmentRegion = en;
			hasScannedForEncodings = 0;
			knownRegions = (
				en,
				Base,
			);
			mainGroup = D070658B1F7AB1B100C39581;
			productRefGroup = D07065951F7AB1B100C39581 /* Products */;
			projectDirPath = "";
			projectRoot = "";
			targets = (
				D07065931F7AB1B100C39581 /* KlikinTest */,
				D07065A21F7AB1B100C39581 /* KlikinTestTests */,
			);
		};
/* End PBXProject section */

/* Begin PBXResourcesBuildPhase section */
		D07065921F7AB1B100C39581 /* Resources */ = {
			isa = PBXResourcesBuildPhase;
			buildActionMask = 2147483647;
			files = (
				AD1080451F7B88F600F157B4 /* Podfile in Resources */,
				AD1080431F7B886300F157B4 /* CommerceDetailViewController.xib in Resources */,
				D070659A1F7AB1B100C39581 /* Assets.xcassets in Resources */,
				AD10803D1F7B848700F157B4 /* CommerceTableViewCell.xib in Resources */,
				D070659D1F7AB1B100C39581 /* LaunchScreen.storyboard in Resources */,
			);
			runOnlyForDeploymentPostprocessing = 0;
		};
		D07065A11F7AB1B100C39581 /* Resources */ = {
			isa = PBXResourcesBuildPhase;
			buildActionMask = 2147483647;
			files = (
			);
			runOnlyForDeploymentPostprocessing = 0;
		};
/* End PBXResourcesBuildPhase section */

/* Begin PBXShellScriptBuildPhase section */
		182684B2FABC40D9650744C1 /* [CP] Copy Pods Resources */ = {
			isa = PBXShellScriptBuildPhase;
			buildActionMask = 2147483647;
			files = (
			);
			inputPaths = (
			);
			name = "[CP] Copy Pods Resources";
			outputPaths = (
			);
			runOnlyForDeploymentPostprocessing = 0;
			shellPath = /bin/sh;
			shellScript = "\"${SRCROOT}/Pods/Target Support Files/Pods-KlikinTest/Pods-KlikinTest-resources.sh\"\n";
			showEnvVarsInLog = 0;
		};
		407BE286A16D2F4044CF5406 /* [CP] Check Pods Manifest.lock */ = {
			isa = PBXShellScriptBuildPhase;
			buildActionMask = 2147483647;
			files = (
			);
			inputPaths = (
				"${PODS_PODFILE_DIR_PATH}/Podfile.lock",
				"${PODS_ROOT}/Manifest.lock",
			);
			name = "[CP] Check Pods Manifest.lock";
			outputPaths = (
				"$(DERIVED_FILE_DIR)/Pods-KlikinTest-checkManifestLockResult.txt",
			);
			runOnlyForDeploymentPostprocessing = 0;
			shellPath = /bin/sh;
			shellScript = "diff \"${PODS_PODFILE_DIR_PATH}/Podfile.lock\" \"${PODS_ROOT}/Manifest.lock\" > /dev/null\nif [ $? != 0 ] ; then\n    # print error to STDERR\n    echo \"error: The sandbox is not in sync with the Podfile.lock. Run 'pod install' or update your CocoaPods installation.\" >&2\n    exit 1\nfi\n# This output is used by Xcode 'outputs' to avoid re-running this script phase.\necho \"SUCCESS\" > \"${SCRIPT_OUTPUT_FILE_0}\"\n";
			showEnvVarsInLog = 0;
		};
		957C6D8B602ECC1B2E18E717 /* [CP] Embed Pods Frameworks */ = {
			isa = PBXShellScriptBuildPhase;
			buildActionMask = 2147483647;
			files = (
			);
			inputPaths = (
			);
			name = "[CP] Embed Pods Frameworks";
			outputPaths = (
			);
			runOnlyForDeploymentPostprocessing = 0;
			shellPath = /bin/sh;
			shellScript = "\"${SRCROOT}/Pods/Target Support Files/Pods-KlikinTestTests/Pods-KlikinTestTests-frameworks.sh\"\n";
			showEnvVarsInLog = 0;
		};
		CEE189C3E647D28AA5554228 /* [CP] Copy Pods Resources */ = {
			isa = PBXShellScriptBuildPhase;
			buildActionMask = 2147483647;
			files = (
			);
			inputPaths = (
			);
			name = "[CP] Copy Pods Resources";
			outputPaths = (
			);
			runOnlyForDeploymentPostprocessing = 0;
			shellPath = /bin/sh;
			shellScript = "\"${SRCROOT}/Pods/Target Support Files/Pods-KlikinTestTests/Pods-KlikinTestTests-resources.sh\"\n";
			showEnvVarsInLog = 0;
		};
		D427D055D630E9CA4030900C /* [CP] Embed Pods Frameworks */ = {
			isa = PBXShellScriptBuildPhase;
			buildActionMask = 2147483647;
			files = (
			);
			inputPaths = (
				"${SRCROOT}/Pods/Target Support Files/Pods-KlikinTest/Pods-KlikinTest-frameworks.sh",
				"${BUILT_PRODUCTS_DIR}/Alamofire/Alamofire.framework",
				"${BUILT_PRODUCTS_DIR}/Gloss/Gloss.framework",
				"${BUILT_PRODUCTS_DIR}/Kingfisher/Kingfisher.framework",
				"${BUILT_PRODUCTS_DIR}/PKHUD/PKHUD.framework",
			);
			name = "[CP] Embed Pods Frameworks";
			outputPaths = (
				"${TARGET_BUILD_DIR}/${FRAMEWORKS_FOLDER_PATH}/Alamofire.framework",
				"${TARGET_BUILD_DIR}/${FRAMEWORKS_FOLDER_PATH}/Gloss.framework",
				"${TARGET_BUILD_DIR}/${FRAMEWORKS_FOLDER_PATH}/Kingfisher.framework",
				"${TARGET_BUILD_DIR}/${FRAMEWORKS_FOLDER_PATH}/PKHUD.framework",
			);
			runOnlyForDeploymentPostprocessing = 0;
			shellPath = /bin/sh;
			shellScript = "\"${SRCROOT}/Pods/Target Support Files/Pods-KlikinTest/Pods-KlikinTest-frameworks.sh\"\n";
			showEnvVarsInLog = 0;
		};
		F710CAE565A17DD952C9EE65 /* [CP] Check Pods Manifest.lock */ = {
			isa = PBXShellScriptBuildPhase;
			buildActionMask = 2147483647;
			files = (
			);
			inputPaths = (
				"${PODS_PODFILE_DIR_PATH}/Podfile.lock",
				"${PODS_ROOT}/Manifest.lock",
			);
			name = "[CP] Check Pods Manifest.lock";
			outputPaths = (
				"$(DERIVED_FILE_DIR)/Pods-KlikinTestTests-checkManifestLockResult.txt",
			);
			runOnlyForDeploymentPostprocessing = 0;
			shellPath = /bin/sh;
			shellScript = "diff \"${PODS_PODFILE_DIR_PATH}/Podfile.lock\" \"${PODS_ROOT}/Manifest.lock\" > /dev/null\nif [ $? != 0 ] ; then\n    # print error to STDERR\n    echo \"error: The sandbox is not in sync with the Podfile.lock. Run 'pod install' or update your CocoaPods installation.\" >&2\n    exit 1\nfi\n# This output is used by Xcode 'outputs' to avoid re-running this script phase.\necho \"SUCCESS\" > \"${SCRIPT_OUTPUT_FILE_0}\"\n";
			showEnvVarsInLog = 0;
		};
/* End PBXShellScriptBuildPhase section */

/* Begin PBXSourcesBuildPhase section */
		D07065901F7AB1B100C39581 /* Sources */ = {
			isa = PBXSourcesBuildPhase;
			buildActionMask = 2147483647;
			files = (
				AD499F041F7BCE8200D9FEBD /* AddressResponse.swift in Sources */,
				AD1080381F7B7A5B00F157B4 /* CommercesTableViewController.swift in Sources */,
				D0488EE41F7C17FF0014C2CA /* Thumbnails.swift in Sources */,
				D0488EE01F7C17C10014C2CA /* Logo.swift in Sources */,
				D0488EDC1F7C17990014C2CA /* Contact.swift in Sources */,
				D0488EE21F7C17D20014C2CA /* Photo.swift in Sources */,
				D0488ED81F7C17660014C2CA /* Commerce.swift in Sources */,
				AD10803C1F7B848700F157B4 /* CommerceTableViewCell.swift in Sources */,
				AD499F121F7BD1FC00D9FEBD /* PhotoResponse.swift in Sources */,
				D0488ECF1F7C098D0014C2CA /* ThumbnailsResponse.swift in Sources */,
				D0A0EC3F1F7C3910000C6188 /* CommercesInteractor.swift in Sources */,
				AD499F061F7BCE9C00D9FEBD /* ContactResponse.swift in Sources */,
				D0488EDE1F7C17AC0014C2CA /* Social.swift in Sources */,
				D0488EE61F7C18330014C2CA /* Location.swift in Sources */,
				AD1080421F7B886300F157B4 /* CommerceDetailViewController.swift in Sources */,
				AD499F021F7BCE5400D9FEBD /* CommerceResponse.swift in Sources */,
				D07065981F7AB1B100C39581 /* AppDelegate.swift in Sources */,
				AD499F001F7BCE1600D9FEBD /* CommercesResponse.swift in Sources */,
				AD499F0A1F7BCEDF00D9FEBD /* SocialResponse.swift in Sources */,
				AD499F0C1F7BCF0700D9FEBD /* LogoResponse.swift in Sources */,
				AD499EFB1F7BC03D00D9FEBD /* ApiClient.swift in Sources */,
				D0488EDA1F7C17780014C2CA /* Address.swift in Sources */,
				AD499EFD1F7BC88400D9FEBD /* ApiError.swift in Sources */,
			);
			runOnlyForDeploymentPostprocessing = 0;
		};
		D070659F1F7AB1B100C39581 /* Sources */ = {
			isa = PBXSourcesBuildPhase;
			buildActionMask = 2147483647;
			files = (
				D07065A81F7AB1B100C39581 /* KlikinTestTests.swift in Sources */,
			);
			runOnlyForDeploymentPostprocessing = 0;
		};
/* End PBXSourcesBuildPhase section */

/* Begin PBXTargetDependency section */
		D07065A51F7AB1B100C39581 /* PBXTargetDependency */ = {
			isa = PBXTargetDependency;
			target = D07065931F7AB1B100C39581 /* KlikinTest */;
			targetProxy = D07065A41F7AB1B100C39581 /* PBXContainerItemProxy */;
		};
/* End PBXTargetDependency section */

/* Begin PBXVariantGroup section */
		D070659B1F7AB1B100C39581 /* LaunchScreen.storyboard */ = {
			isa = PBXVariantGroup;
			children = (
				D070659C1F7AB1B100C39581 /* Base */,
			);
			name = LaunchScreen.storyboard;
			sourceTree = "<group>";
		};
/* End PBXVariantGroup section */

/* Begin XCBuildConfiguration section */
		D07065AA1F7AB1B100C39581 /* Debug */ = {
			isa = XCBuildConfiguration;
			buildSettings = {
				ALWAYS_SEARCH_USER_PATHS = NO;
				CLANG_ANALYZER_NONNULL = YES;
				CLANG_ANALYZER_NUMBER_OBJECT_CONVERSION = YES_AGGRESSIVE;
				CLANG_CXX_LANGUAGE_STANDARD = "gnu++14";
				CLANG_CXX_LIBRARY = "libc++";
				CLANG_ENABLE_MODULES = YES;
				CLANG_ENABLE_OBJC_ARC = YES;
				CLANG_WARN_BLOCK_CAPTURE_AUTORELEASING = YES;
				CLANG_WARN_BOOL_CONVERSION = YES;
				CLANG_WARN_COMMA = YES;
				CLANG_WARN_CONSTANT_CONVERSION = YES;
				CLANG_WARN_DIRECT_OBJC_ISA_USAGE = YES_ERROR;
				CLANG_WARN_DOCUMENTATION_COMMENTS = YES;
				CLANG_WARN_EMPTY_BODY = YES;
				CLANG_WARN_ENUM_CONVERSION = YES;
				CLANG_WARN_INFINITE_RECURSION = YES;
				CLANG_WARN_INT_CONVERSION = YES;
				CLANG_WARN_NON_LITERAL_NULL_CONVERSION = YES;
				CLANG_WARN_OBJC_LITERAL_CONVERSION = YES;
				CLANG_WARN_OBJC_ROOT_CLASS = YES_ERROR;
				CLANG_WARN_RANGE_LOOP_ANALYSIS = YES;
				CLANG_WARN_STRICT_PROTOTYPES = YES;
				CLANG_WARN_SUSPICIOUS_MOVE = YES;
				CLANG_WARN_UNGUARDED_AVAILABILITY = YES_AGGRESSIVE;
				CLANG_WARN_UNREACHABLE_CODE = YES;
				CLANG_WARN__DUPLICATE_METHOD_MATCH = YES;
				CODE_SIGN_IDENTITY = "iPhone Developer";
				COPY_PHASE_STRIP = NO;
				DEBUG_INFORMATION_FORMAT = dwarf;
				ENABLE_STRICT_OBJC_MSGSEND = YES;
				ENABLE_TESTABILITY = YES;
				GCC_C_LANGUAGE_STANDARD = gnu11;
				GCC_DYNAMIC_NO_PIC = NO;
				GCC_NO_COMMON_BLOCKS = YES;
				GCC_OPTIMIZATION_LEVEL = 0;
				GCC_PREPROCESSOR_DEFINITIONS = (
					"DEBUG=1",
					"$(inherited)",
				);
				GCC_WARN_64_TO_32_BIT_CONVERSION = YES;
				GCC_WARN_ABOUT_RETURN_TYPE = YES_ERROR;
				GCC_WARN_UNDECLARED_SELECTOR = YES;
				GCC_WARN_UNINITIALIZED_AUTOS = YES_AGGRESSIVE;
				GCC_WARN_UNUSED_FUNCTION = YES;
				GCC_WARN_UNUSED_VARIABLE = YES;
				IPHONEOS_DEPLOYMENT_TARGET = 11.0;
				MTL_ENABLE_DEBUG_INFO = YES;
				ONLY_ACTIVE_ARCH = YES;
				SDKROOT = iphoneos;
				SWIFT_ACTIVE_COMPILATION_CONDITIONS = DEBUG;
				SWIFT_OPTIMIZATION_LEVEL = "-Onone";
			};
			name = Debug;
		};
		D07065AB1F7AB1B100C39581 /* Release */ = {
			isa = XCBuildConfiguration;
			buildSettings = {
				ALWAYS_SEARCH_USER_PATHS = NO;
				CLANG_ANALYZER_NONNULL = YES;
				CLANG_ANALYZER_NUMBER_OBJECT_CONVERSION = YES_AGGRESSIVE;
				CLANG_CXX_LANGUAGE_STANDARD = "gnu++14";
				CLANG_CXX_LIBRARY = "libc++";
				CLANG_ENABLE_MODULES = YES;
				CLANG_ENABLE_OBJC_ARC = YES;
				CLANG_WARN_BLOCK_CAPTURE_AUTORELEASING = YES;
				CLANG_WARN_BOOL_CONVERSION = YES;
				CLANG_WARN_COMMA = YES;
				CLANG_WARN_CONSTANT_CONVERSION = YES;
				CLANG_WARN_DIRECT_OBJC_ISA_USAGE = YES_ERROR;
				CLANG_WARN_DOCUMENTATION_COMMENTS = YES;
				CLANG_WARN_EMPTY_BODY = YES;
				CLANG_WARN_ENUM_CONVERSION = YES;
				CLANG_WARN_INFINITE_RECURSION = YES;
				CLANG_WARN_INT_CONVERSION = YES;
				CLANG_WARN_NON_LITERAL_NULL_CONVERSION = YES;
				CLANG_WARN_OBJC_LITERAL_CONVERSION = YES;
				CLANG_WARN_OBJC_ROOT_CLASS = YES_ERROR;
				CLANG_WARN_RANGE_LOOP_ANALYSIS = YES;
				CLANG_WARN_STRICT_PROTOTYPES = YES;
				CLANG_WARN_SUSPICIOUS_MOVE = YES;
				CLANG_WARN_UNGUARDED_AVAILABILITY = YES_AGGRESSIVE;
				CLANG_WARN_UNREACHABLE_CODE = YES;
				CLANG_WARN__DUPLICATE_METHOD_MATCH = YES;
				CODE_SIGN_IDENTITY = "iPhone Developer";
				COPY_PHASE_STRIP = NO;
				DEBUG_INFORMATION_FORMAT = "dwarf-with-dsym";
				ENABLE_NS_ASSERTIONS = NO;
				ENABLE_STRICT_OBJC_MSGSEND = YES;
				GCC_C_LANGUAGE_STANDARD = gnu11;
				GCC_NO_COMMON_BLOCKS = YES;
				GCC_WARN_64_TO_32_BIT_CONVERSION = YES;
				GCC_WARN_ABOUT_RETURN_TYPE = YES_ERROR;
				GCC_WARN_UNDECLARED_SELECTOR = YES;
				GCC_WARN_UNINITIALIZED_AUTOS = YES_AGGRESSIVE;
				GCC_WARN_UNUSED_FUNCTION = YES;
				GCC_WARN_UNUSED_VARIABLE = YES;
				IPHONEOS_DEPLOYMENT_TARGET = 11.0;
				MTL_ENABLE_DEBUG_INFO = NO;
				SDKROOT = iphoneos;
				SWIFT_OPTIMIZATION_LEVEL = "-Owholemodule";
				VALIDATE_PRODUCT = YES;
			};
			name = Release;
		};
		D07065AD1F7AB1B100C39581 /* Debug */ = {
			isa = XCBuildConfiguration;
			baseConfigurationReference = 58DBFC8FEAC1C1902F403543 /* Pods-KlikinTest.debug.xcconfig */;
			buildSettings = {
				ASSETCATALOG_COMPILER_APPICON_NAME = AppIcon;
				"CODE_SIGN_IDENTITY[sdk=iphoneos*]" = "iPhone Developer";
				CODE_SIGN_STYLE = Automatic;
				DEVELOPMENT_TEAM = C3XJQ6RL5C;
				INFOPLIST_FILE = KlikinTest/Info.plist;
				IPHONEOS_DEPLOYMENT_TARGET = 9.0;
				LD_RUNPATH_SEARCH_PATHS = "$(inherited) @executable_path/Frameworks";
				PRODUCT_BUNDLE_IDENTIFIER = com.mibarbou.KlikinTest;
				PRODUCT_NAME = "$(TARGET_NAME)";
				PROVISIONING_PROFILE_SPECIFIER = "";
				SWIFT_VERSION = 4.0;
				TARGETED_DEVICE_FAMILY = "1,2";
			};
			name = Debug;
		};
		D07065AE1F7AB1B100C39581 /* Release */ = {
			isa = XCBuildConfiguration;
			baseConfigurationReference = 62C31566D6164F117656840E /* Pods-KlikinTest.release.xcconfig */;
			buildSettings = {
				ASSETCATALOG_COMPILER_APPICON_NAME = AppIcon;
				"CODE_SIGN_IDENTITY[sdk=iphoneos*]" = "iPhone Developer";
				CODE_SIGN_STYLE = Automatic;
				DEVELOPMENT_TEAM = C3XJQ6RL5C;
				INFOPLIST_FILE = KlikinTest/Info.plist;
				IPHONEOS_DEPLOYMENT_TARGET = 9.0;
				LD_RUNPATH_SEARCH_PATHS = "$(inherited) @executable_path/Frameworks";
				PRODUCT_BUNDLE_IDENTIFIER = com.mibarbou.KlikinTest;
				PRODUCT_NAME = "$(TARGET_NAME)";
				PROVISIONING_PROFILE_SPECIFIER = "";
				SWIFT_VERSION = 4.0;
				TARGETED_DEVICE_FAMILY = "1,2";
			};
			name = Release;
		};
		D07065B01F7AB1B100C39581 /* Debug */ = {
			isa = XCBuildConfiguration;
			baseConfigurationReference = A5BF88DC4E84B090828CCDEC /* Pods-KlikinTestTests.debug.xcconfig */;
			buildSettings = {
				ALWAYS_EMBED_SWIFT_STANDARD_LIBRARIES = YES;
				BUNDLE_LOADER = "$(TEST_HOST)";
				CODE_SIGN_STYLE = Automatic;
				DEVELOPMENT_TEAM = C3XJQ6RL5C;
				INFOPLIST_FILE = KlikinTestTests/Info.plist;
				LD_RUNPATH_SEARCH_PATHS = "$(inherited) @executable_path/Frameworks @loader_path/Frameworks";
				PRODUCT_BUNDLE_IDENTIFIER = com.mibarbou.KlikinTestTests;
				PRODUCT_NAME = "$(TARGET_NAME)";
				SWIFT_VERSION = 4.0;
				TARGETED_DEVICE_FAMILY = "1,2";
				TEST_HOST = "$(BUILT_PRODUCTS_DIR)/KlikinTest.app/KlikinTest";
			};
			name = Debug;
		};
		D07065B11F7AB1B100C39581 /* Release */ = {
			isa = XCBuildConfiguration;
			baseConfigurationReference = D6A644BF68EF0A5F24F99CCD /* Pods-KlikinTestTests.release.xcconfig */;
			buildSettings = {
				ALWAYS_EMBED_SWIFT_STANDARD_LIBRARIES = YES;
				BUNDLE_LOADER = "$(TEST_HOST)";
				CODE_SIGN_STYLE = Automatic;
				DEVELOPMENT_TEAM = C3XJQ6RL5C;
				INFOPLIST_FILE = KlikinTestTests/Info.plist;
				LD_RUNPATH_SEARCH_PATHS = "$(inherited) @executable_path/Frameworks @loader_path/Frameworks";
				PRODUCT_BUNDLE_IDENTIFIER = com.mibarbou.KlikinTestTests;
				PRODUCT_NAME = "$(TARGET_NAME)";
				SWIFT_VERSION = 4.0;
				TARGETED_DEVICE_FAMILY = "1,2";
				TEST_HOST = "$(BUILT_PRODUCTS_DIR)/KlikinTest.app/KlikinTest";
			};
			name = Release;
		};
/* End XCBuildConfiguration section */

/* Begin XCConfigurationList section */
		D070658F1F7AB1B100C39581 /* Build configuration list for PBXProject "KlikinTest" */ = {
			isa = XCConfigurationList;
			buildConfigurations = (
				D07065AA1F7AB1B100C39581 /* Debug */,
				D07065AB1F7AB1B100C39581 /* Release */,
			);
			defaultConfigurationIsVisible = 0;
			defaultConfigurationName = Release;
		};
		D07065AC1F7AB1B100C39581 /* Build configuration list for PBXNativeTarget "KlikinTest" */ = {
			isa = XCConfigurationList;
			buildConfigurations = (
				D07065AD1F7AB1B100C39581 /* Debug */,
				D07065AE1F7AB1B100C39581 /* Release */,
			);
			defaultConfigurationIsVisible = 0;
			defaultConfigurationName = Release;
		};
		D07065AF1F7AB1B100C39581 /* Build configuration list for PBXNativeTarget "KlikinTestTests" */ = {
			isa = XCConfigurationList;
			buildConfigurations = (
				D07065B01F7AB1B100C39581 /* Debug */,
				D07065B11F7AB1B100C39581 /* Release */,
			);
			defaultConfigurationIsVisible = 0;
			defaultConfigurationName = Release;
		};
/* End XCConfigurationList section */
	};
	rootObject = D070658C1F7AB1B100C39581 /* Project object */;
}
